
Microsoft Visual Studio Solution File, Format Version 12.00
# Visual Studio Version 16
VisualStudioVersion = 25.0.1704.3
MinimumVisualStudioVersion = 10.0.40219.1
Project("{FAE04EC0-301F-11D3-BF4B-00C04F79EFBC}") = "DayOfAProgrammer", "DayOfAProgrammer.csproj", "{8BD7AB9F-7B99-479D-8D1E-08C689781035}"
EndProject
Global
	GlobalSection(SolutionConfigurationPlatforms) = preSolution
		Debug|Any CPU = Debug|Any CPU
		Release|Any CPU = Release|Any CPU
	EndGlobalSection
	GlobalSection(ProjectConfigurationPlatforms) = postSolution
		{8BD7AB9F-7B99-479D-8D1E-08C689781035}.Debug|Any CPU.ActiveCfg = Debug|Any CPU
		{8BD7AB9F-7B99-479D-8D1E-08C689781035}.Debug|Any CPU.Build.0 = Debug|Any CPU
		{8BD7AB9F-7B99-479D-8D1E-08C689781035}.Release|Any CPU.ActiveCfg = Release|Any CPU
		{8BD7AB9F-7B99-479D-8D1E-08C689781035}.Release|Any CPU.Build.0 = Release|Any CPU
	EndGlobalSection
	GlobalSection(SolutionProperties) = preSolution
		HideSolutionNode = FALSE
	EndGlobalSection
	GlobalSection(ExtensibilityGlobals) = postSolution
		SolutionGuid = {8E0DCD01-E4AB-49EF-BF41-8C242326E5FA}
	EndGlobalSection
EndGlobal
